description: >-
  OK - Returns an Atom entry wrapping a single IntervalBlock resource.
content:
  application/atom+xml:
    schema:
      $ref: '../schemas/AtomEntry.yaml'
    examples:
      IntervalBlockEntry:
        summary: An IntervalBlock entry with a single IntervalReading
        value: |
          <entry xmlns="http://www.w3.org/2005/Atom">
            <id>urn:uuid:1e530409-5dbe-572f-aad8-fa06f6a68cfc</id>
            <link rel="self" href="https://data.greenbuttonconnect.org/DataCustodian/espi/1_1/resource/Subscription/407593/UsagePoint/1455246/MeterReading/Ba020673_kwh_1/IntervalBlock/000001" type="espi-entry/IntervalBlock"/>
            <link rel="up" href="https://data.greenbuttonconnect.org/DataCustodian/espi/1_1/resource/Subscription/407593/UsagePoint/1455246/MeterReading/Ba020673_kwh_1/IntervalBlock" type="espi-feed/IntervalBlock"/>
            <link rel="related" href="https://data.greenbuttonconnect.org/DataCustodian/espi/1_1/resource/Subscription/407593/UsagePoint/1455246/MeterReading/Ba020673_kwh_1" type="espi-feed/MeterReading"/>
            <published>2023-10-20T17:32:44.801089Z</published>
            <updated>2023-10-20T17:32:44.801089Z</updated>
            <title>IntervalBlock</title>
            <content>
              <IntervalBlock xmlns="http://naesb.org/espi">
                <interval>
                  <duration>2332800</duration>
                  <start>1663992000</start>
                </interval>
                <IntervalReading>
                  <cost>115780000</cost>
                  <timePeriod>
                    <duration>2332800</duration>
                    <start>1663992000</start>
                  </timePeriod>
                  <value>1330890000</value>
                </IntervalReading>
              </IntervalBlock>
            </content>
          </entry>
